
Microsoft Visual Studio Solution File, Format Version 12.00
# Visual Studio Version 17
VisualStudioVersion = 17.9.34607.119
MinimumVisualStudioVersion = 10.0.40219.1
Project("{FAE04EC0-301F-11D3-BF4B-00C04F79EFBC}") = "prjWebCsFriendBookIvan", "prjWebCsFriendBookIvan.csproj", "{8EA016D5-51DD-471A-AC1D-33A63154DB42}"
EndProject
Global
	GlobalSection(SolutionConfigurationPlatforms) = preSolution
		Debug|Any CPU = Debug|Any CPU
		Release|Any CPU = Release|Any CPU
	EndGlobalSection
	GlobalSection(ProjectConfigurationPlatforms) = postSolution
		{8EA016D5-51DD-471A-AC1D-33A63154DB42}.Debug|Any CPU.ActiveCfg = Debug|Any CPU
		{8EA016D5-51DD-471A-AC1D-33A63154DB42}.Debug|Any CPU.Build.0 = Debug|Any CPU
		{8EA016D5-51DD-471A-AC1D-33A63154DB42}.Release|Any CPU.ActiveCfg = Release|Any CPU
		{8EA016D5-51DD-471A-AC1D-33A63154DB42}.Release|Any CPU.Build.0 = Release|Any CPU
	EndGlobalSection
	GlobalSection(SolutionProperties) = preSolution
		HideSolutionNode = FALSE
	EndGlobalSection
	GlobalSection(ExtensibilityGlobals) = postSolution
		SolutionGuid = {6B6EE9A6-DCE1-40B2-8F14-426770DF499F}
	EndGlobalSection
EndGlobal
